// !$*UTF8*$!
{
	archiveVersion = 1;
	classes = {
	};
	objectVersion = 56;
	objects = {

/* Begin PBXBuildFile section */
		61D573702BB5698D00D98AAE /* AppDelegate.swift in Sources */ = {isa = PBXBuildFile; fileRef = 61D5736F2BB5698D00D98AAE /* AppDelegate.swift */; };
		61D573722BB5698D00D98AAE /* SceneDelegate.swift in Sources */ = {isa = PBXBuildFile; fileRef = 61D573712BB5698D00D98AAE /* SceneDelegate.swift */; };
		61D573792BB5698F00D98AAE /* Assets.xcassets in Resources */ = {isa = PBXBuildFile; fileRef = 61D573782BB5698F00D98AAE /* Assets.xcassets */; };
		61D5737C2BB5698F00D98AAE /* Base in Resources */ = {isa = PBXBuildFile; fileRef = 61D5737B2BB5698F00D98AAE /* Base */; };
		61D573862BB56B8700D98AAE /* GalleryTabBarController.swift in Sources */ = {isa = PBXBuildFile; fileRef = 61D573852BB56B8700D98AAE /* GalleryTabBarController.swift */; };
		61D5738C2BB56C3C00D98AAE /* ImagesListViewController.swift in Sources */ = {isa = PBXBuildFile; fileRef = 61D5738B2BB56C3C00D98AAE /* ImagesListViewController.swift */; };
		61D5738E2BB56C4600D98AAE /* ImagesListViewModel.swift in Sources */ = {isa = PBXBuildFile; fileRef = 61D5738D2BB56C4600D98AAE /* ImagesListViewModel.swift */; };
		61D573902BB56C5000D98AAE /* ImagesListRouter.swift in Sources */ = {isa = PBXBuildFile; fileRef = 61D5738F2BB56C5000D98AAE /* ImagesListRouter.swift */; };
		61D573922BB56C5900D98AAE /* ImagesListAssembly.swift in Sources */ = {isa = PBXBuildFile; fileRef = 61D573912BB56C5900D98AAE /* ImagesListAssembly.swift */; };
		61D573942BB56CC400D98AAE /* FavoritesListViewController.swift in Sources */ = {isa = PBXBuildFile; fileRef = 61D573932BB56CC400D98AAE /* FavoritesListViewController.swift */; };
		61D573962BB56CD500D98AAE /* FavoritesListViewModel.swift in Sources */ = {isa = PBXBuildFile; fileRef = 61D573952BB56CD500D98AAE /* FavoritesListViewModel.swift */; };
		61D573982BB56CE300D98AAE /* FavoritesListRouter.swift in Sources */ = {isa = PBXBuildFile; fileRef = 61D573972BB56CE300D98AAE /* FavoritesListRouter.swift */; };
		61D5739A2BB56CEE00D98AAE /* FavoritesListAssembly.swift in Sources */ = {isa = PBXBuildFile; fileRef = 61D573992BB56CEE00D98AAE /* FavoritesListAssembly.swift */; };
/* End PBXBuildFile section */

/* Begin PBXFileReference section */
		61D5736C2BB5698D00D98AAE /* GalleryApp.app */ = {isa = PBXFileReference; explicitFileType = wrapper.application; includeInIndex = 0; path = GalleryApp.app; sourceTree = BUILT_PRODUCTS_DIR; };
		61D5736F2BB5698D00D98AAE /* AppDelegate.swift */ = {isa = PBXFileReference; lastKnownFileType = sourcecode.swift; path = AppDelegate.swift; sourceTree = "<group>"; };
		61D573712BB5698D00D98AAE /* SceneDelegate.swift */ = {isa = PBXFileReference; lastKnownFileType = sourcecode.swift; path = SceneDelegate.swift; sourceTree = "<group>"; };
		61D573782BB5698F00D98AAE /* Assets.xcassets */ = {isa = PBXFileReference; lastKnownFileType = folder.assetcatalog; path = Assets.xcassets; sourceTree = "<group>"; };
		61D5737B2BB5698F00D98AAE /* Base */ = {isa = PBXFileReference; lastKnownFileType = file.storyboard; name = Base; path = Base.lproj/LaunchScreen.storyboard; sourceTree = "<group>"; };
		61D5737D2BB5698F00D98AAE /* Info.plist */ = {isa = PBXFileReference; lastKnownFileType = text.plist.xml; path = Info.plist; sourceTree = "<group>"; };
		61D573852BB56B8700D98AAE /* GalleryTabBarController.swift */ = {isa = PBXFileReference; lastKnownFileType = sourcecode.swift; path = GalleryTabBarController.swift; sourceTree = "<group>"; };
		61D5738B2BB56C3C00D98AAE /* ImagesListViewController.swift */ = {isa = PBXFileReference; lastKnownFileType = sourcecode.swift; path = ImagesListViewController.swift; sourceTree = "<group>"; };
		61D5738D2BB56C4600D98AAE /* ImagesListViewModel.swift */ = {isa = PBXFileReference; lastKnownFileType = sourcecode.swift; path = ImagesListViewModel.swift; sourceTree = "<group>"; };
		61D5738F2BB56C5000D98AAE /* ImagesListRouter.swift */ = {isa = PBXFileReference; lastKnownFileType = sourcecode.swift; path = ImagesListRouter.swift; sourceTree = "<group>"; };
		61D573912BB56C5900D98AAE /* ImagesListAssembly.swift */ = {isa = PBXFileReference; lastKnownFileType = sourcecode.swift; path = ImagesListAssembly.swift; sourceTree = "<group>"; };
		61D573932BB56CC400D98AAE /* FavoritesListViewController.swift */ = {isa = PBXFileReference; lastKnownFileType = sourcecode.swift; path = FavoritesListViewController.swift; sourceTree = "<group>"; };
		61D573952BB56CD500D98AAE /* FavoritesListViewModel.swift */ = {isa = PBXFileReference; lastKnownFileType = sourcecode.swift; path = FavoritesListViewModel.swift; sourceTree = "<group>"; };
		61D573972BB56CE300D98AAE /* FavoritesListRouter.swift */ = {isa = PBXFileReference; lastKnownFileType = sourcecode.swift; path = FavoritesListRouter.swift; sourceTree = "<group>"; };
		61D573992BB56CEE00D98AAE /* FavoritesListAssembly.swift */ = {isa = PBXFileReference; lastKnownFileType = sourcecode.swift; path = FavoritesListAssembly.swift; sourceTree = "<group>"; };
/* End PBXFileReference section */

/* Begin PBXFrameworksBuildPhase section */
		61D573692BB5698D00D98AAE /* Frameworks */ = {
			isa = PBXFrameworksBuildPhase;
			buildActionMask = 2147483647;
			files = (
			);
			runOnlyForDeploymentPostprocessing = 0;
		};
/* End PBXFrameworksBuildPhase section */

/* Begin PBXGroup section */
		61D573632BB5698D00D98AAE = {
			isa = PBXGroup;
			children = (
				61D5736E2BB5698D00D98AAE /* GalleryApp */,
				61D5736D2BB5698D00D98AAE /* Products */,
			);
			sourceTree = "<group>";
		};
		61D5736D2BB5698D00D98AAE /* Products */ = {
			isa = PBXGroup;
			children = (
				61D5736C2BB5698D00D98AAE /* GalleryApp.app */,
			);
			name = Products;
			sourceTree = "<group>";
		};
		61D5736E2BB5698D00D98AAE /* GalleryApp */ = {
			isa = PBXGroup;
			children = (
				61D573832BB56B2300D98AAE /* App */,
				61D573892BB56C0000D98AAE /* DetailedImageModule */,
				61D573872BB56B9800D98AAE /* ImagesListModule */,
				61D573882BB56BDB00D98AAE /* FavoritesListModule */,
				61D573842BB56B6600D98AAE /* TabBarModule */,
				61D5738A2BB56C1600D98AAE /* Resources */,
				61D5737D2BB5698F00D98AAE /* Info.plist */,
			);
			path = GalleryApp;
			sourceTree = "<group>";
		};
		61D573832BB56B2300D98AAE /* App */ = {
			isa = PBXGroup;
			children = (
				61D5736F2BB5698D00D98AAE /* AppDelegate.swift */,
				61D573712BB5698D00D98AAE /* SceneDelegate.swift */,
			);
			path = App;
			sourceTree = "<group>";
		};
		61D573842BB56B6600D98AAE /* TabBarModule */ = {
			isa = PBXGroup;
			children = (
				61D573852BB56B8700D98AAE /* GalleryTabBarController.swift */,
			);
			path = TabBarModule;
			sourceTree = "<group>";
		};
		61D573872BB56B9800D98AAE /* ImagesListModule */ = {
			isa = PBXGroup;
			children = (
				61D573912BB56C5900D98AAE /* ImagesListAssembly.swift */,
				61D5738B2BB56C3C00D98AAE /* ImagesListViewController.swift */,
				61D5738D2BB56C4600D98AAE /* ImagesListViewModel.swift */,
				61D5738F2BB56C5000D98AAE /* ImagesListRouter.swift */,
			);
			path = ImagesListModule;
			sourceTree = "<group>";
		};
		61D573882BB56BDB00D98AAE /* FavoritesListModule */ = {
			isa = PBXGroup;
			children = (
				61D573932BB56CC400D98AAE /* FavoritesListViewController.swift */,
				61D573952BB56CD500D98AAE /* FavoritesListViewModel.swift */,
				61D573972BB56CE300D98AAE /* FavoritesListRouter.swift */,
				61D573992BB56CEE00D98AAE /* FavoritesListAssembly.swift */,
			);
			path = FavoritesListModule;
			sourceTree = "<group>";
		};
		61D573892BB56C0000D98AAE /* DetailedImageModule */ = {
			isa = PBXGroup;
			children = (
			);
			path = DetailedImageModule;
			sourceTree = "<group>";
		};
		61D5738A2BB56C1600D98AAE /* Resources */ = {
			isa = PBXGroup;
			children = (
				61D573782BB5698F00D98AAE /* Assets.xcassets */,
				61D5737A2BB5698F00D98AAE /* LaunchScreen.storyboard */,
			);
			path = Resources;
			sourceTree = "<group>";
		};
/* End PBXGroup section */

/* Begin PBXNativeTarget section */
		61D5736B2BB5698D00D98AAE /* GalleryApp */ = {
			isa = PBXNativeTarget;
			buildConfigurationList = 61D573802BB5698F00D98AAE /* Build configuration list for PBXNativeTarget "GalleryApp" */;
			buildPhases = (
				61D573682BB5698D00D98AAE /* Sources */,
				61D573692BB5698D00D98AAE /* Frameworks */,
				61D5736A2BB5698D00D98AAE /* Resources */,
			);
			buildRules = (
			);
			dependencies = (
			);
			name = GalleryApp;
			productName = GalleryApp;
			productReference = 61D5736C2BB5698D00D98AAE /* GalleryApp.app */;
			productType = "com.apple.product-type.application";
		};
/* End PBXNativeTarget section */

/* Begin PBXProject section */
		61D573642BB5698D00D98AAE /* Project object */ = {
			isa = PBXProject;
			attributes = {
				BuildIndependentTargetsInParallel = 1;
				LastSwiftUpdateCheck = 1530;
				LastUpgradeCheck = 1530;
				TargetAttributes = {
					61D5736B2BB5698D00D98AAE = {
						CreatedOnToolsVersion = 15.3;
					};
				};
			};
			buildConfigurationList = 61D573672BB5698D00D98AAE /* Build configuration list for PBXProject "GalleryApp" */;
			compatibilityVersion = "Xcode 14.0";
			developmentRegion = en;
			hasScannedForEncodings = 0;
			knownRegions = (
				en,
				Base,
			);
			mainGroup = 61D573632BB5698D00D98AAE;
			productRefGroup = 61D5736D2BB5698D00D98AAE /* Products */;
			projectDirPath = "";
			projectRoot = "";
			targets = (
				61D5736B2BB5698D00D98AAE /* GalleryApp */,
			);
		};
/* End PBXProject section */

/* Begin PBXResourcesBuildPhase section */
		61D5736A2BB5698D00D98AAE /* Resources */ = {
			isa = PBXResourcesBuildPhase;
			buildActionMask = 2147483647;
			files = (
				61D573792BB5698F00D98AAE /* Assets.xcassets in Resources */,
				61D5737C2BB5698F00D98AAE /* Base in Resources */,
			);
			runOnlyForDeploymentPostprocessing = 0;
		};
/* End PBXResourcesBuildPhase section */

/* Begin PBXSourcesBuildPhase section */
		61D573682BB5698D00D98AAE /* Sources */ = {
			isa = PBXSourcesBuildPhase;
			buildActionMask = 2147483647;
			files = (
				61D573902BB56C5000D98AAE /* ImagesListRouter.swift in Sources */,
				61D573862BB56B8700D98AAE /* GalleryTabBarController.swift in Sources */,
				61D573962BB56CD500D98AAE /* FavoritesListViewModel.swift in Sources */,
				61D5738C2BB56C3C00D98AAE /* ImagesListViewController.swift in Sources */,
				61D573942BB56CC400D98AAE /* FavoritesListViewController.swift in Sources */,
				61D5738E2BB56C4600D98AAE /* ImagesListViewModel.swift in Sources */,
				61D573922BB56C5900D98AAE /* ImagesListAssembly.swift in Sources */,
				61D573982BB56CE300D98AAE /* FavoritesListRouter.swift in Sources */,
				61D5739A2BB56CEE00D98AAE /* FavoritesListAssembly.swift in Sources */,
				61D573702BB5698D00D98AAE /* AppDelegate.swift in Sources */,
				61D573722BB5698D00D98AAE /* SceneDelegate.swift in Sources */,
			);
			runOnlyForDeploymentPostprocessing = 0;
		};
/* End PBXSourcesBuildPhase section */

/* Begin PBXVariantGroup section */
		61D5737A2BB5698F00D98AAE /* LaunchScreen.storyboard */ = {
			isa = PBXVariantGroup;
			children = (
				61D5737B2BB5698F00D98AAE /* Base */,
			);
			name = LaunchScreen.storyboard;
			sourceTree = "<group>";
		};
/* End PBXVariantGroup section */

/* Begin XCBuildConfiguration section */
		61D5737E2BB5698F00D98AAE /* Debug */ = {
			isa = XCBuildConfiguration;
			buildSettings = {
				ALWAYS_SEARCH_USER_PATHS = NO;
				ASSETCATALOG_COMPILER_GENERATE_SWIFT_ASSET_SYMBOL_EXTENSIONS = YES;
				CLANG_ANALYZER_NONNULL = YES;
				CLANG_ANALYZER_NUMBER_OBJECT_CONVERSION = YES_AGGRESSIVE;
				CLANG_CXX_LANGUAGE_STANDARD = "gnu++20";
				CLANG_ENABLE_MODULES = YES;
				CLANG_ENABLE_OBJC_ARC = YES;
				CLANG_ENABLE_OBJC_WEAK = YES;
				CLANG_WARN_BLOCK_CAPTURE_AUTORELEASING = YES;
				CLANG_WARN_BOOL_CONVERSION = YES;
				CLANG_WARN_COMMA = YES;
				CLANG_WARN_CONSTANT_CONVERSION = YES;
				CLANG_WARN_DEPRECATED_OBJC_IMPLEMENTATIONS = YES;
				CLANG_WARN_DIRECT_OBJC_ISA_USAGE = YES_ERROR;
				CLANG_WARN_DOCUMENTATION_COMMENTS = YES;
				CLANG_WARN_EMPTY_BODY = YES;
				CLANG_WARN_ENUM_CONVERSION = YES;
				CLANG_WARN_INFINITE_RECURSION = YES;
				CLANG_WARN_INT_CONVERSION = YES;
				CLANG_WARN_NON_LITERAL_NULL_CONVERSION = YES;
				CLANG_WARN_OBJC_IMPLICIT_RETAIN_SELF = YES;
				CLANG_WARN_OBJC_LITERAL_CONVERSION = YES;
				CLANG_WARN_OBJC_ROOT_CLASS = YES_ERROR;
				CLANG_WARN_QUOTED_INCLUDE_IN_FRAMEWORK_HEADER = YES;
				CLANG_WARN_RANGE_LOOP_ANALYSIS = YES;
				CLANG_WARN_STRICT_PROTOTYPES = YES;
				CLANG_WARN_SUSPICIOUS_MOVE = YES;
				CLANG_WARN_UNGUARDED_AVAILABILITY = YES_AGGRESSIVE;
				CLANG_WARN_UNREACHABLE_CODE = YES;
				CLANG_WARN__DUPLICATE_METHOD_MATCH = YES;
				COPY_PHASE_STRIP = NO;
				DEBUG_INFORMATION_FORMAT = dwarf;
				ENABLE_STRICT_OBJC_MSGSEND = YES;
				ENABLE_TESTABILITY = YES;
				ENABLE_USER_SCRIPT_SANDBOXING = YES;
				GCC_C_LANGUAGE_STANDARD = gnu17;
				GCC_DYNAMIC_NO_PIC = NO;
				GCC_NO_COMMON_BLOCKS = YES;
				GCC_OPTIMIZATION_LEVEL = 0;
				GCC_PREPROCESSOR_DEFINITIONS = (
					"DEBUG=1",
					"$(inherited)",
				);
				GCC_WARN_64_TO_32_BIT_CONVERSION = YES;
				GCC_WARN_ABOUT_RETURN_TYPE = YES_ERROR;
				GCC_WARN_UNDECLARED_SELECTOR = YES;
				GCC_WARN_UNINITIALIZED_AUTOS = YES_AGGRESSIVE;
				GCC_WARN_UNUSED_FUNCTION = YES;
				GCC_WARN_UNUSED_VARIABLE = YES;
				IPHONEOS_DEPLOYMENT_TARGET = 13.0;
				LOCALIZATION_PREFERS_STRING_CATALOGS = YES;
				MTL_ENABLE_DEBUG_INFO = INCLUDE_SOURCE;
				MTL_FAST_MATH = YES;
				ONLY_ACTIVE_ARCH = YES;
				SDKROOT = iphoneos;
				SWIFT_ACTIVE_COMPILATION_CONDITIONS = "DEBUG $(inherited)";
				SWIFT_OPTIMIZATION_LEVEL = "-Onone";
			};
			name = Debug;
		};
		61D5737F2BB5698F00D98AAE /* Release */ = {
			isa = XCBuildConfiguration;
			buildSettings = {
				ALWAYS_SEARCH_USER_PATHS = NO;
				ASSETCATALOG_COMPILER_GENERATE_SWIFT_ASSET_SYMBOL_EXTENSIONS = YES;
				CLANG_ANALYZER_NONNULL = YES;
				CLANG_ANALYZER_NUMBER_OBJECT_CONVERSION = YES_AGGRESSIVE;
				CLANG_CXX_LANGUAGE_STANDARD = "gnu++20";
				CLANG_ENABLE_MODULES = YES;
				CLANG_ENABLE_OBJC_ARC = YES;
				CLANG_ENABLE_OBJC_WEAK = YES;
				CLANG_WARN_BLOCK_CAPTURE_AUTORELEASING = YES;
				CLANG_WARN_BOOL_CONVERSION = YES;
				CLANG_WARN_COMMA = YES;
				CLANG_WARN_CONSTANT_CONVERSION = YES;
				CLANG_WARN_DEPRECATED_OBJC_IMPLEMENTATIONS = YES;
				CLANG_WARN_DIRECT_OBJC_ISA_USAGE = YES_ERROR;
				CLANG_WARN_DOCUMENTATION_COMMENTS = YES;
				CLANG_WARN_EMPTY_BODY = YES;
				CLANG_WARN_ENUM_CONVERSION = YES;
				CLANG_WARN_INFINITE_RECURSION = YES;
				CLANG_WARN_INT_CONVERSION = YES;
				CLANG_WARN_NON_LITERAL_NULL_CONVERSION = YES;
				CLANG_WARN_OBJC_IMPLICIT_RETAIN_SELF = YES;
				CLANG_WARN_OBJC_LITERAL_CONVERSION = YES;
				CLANG_WARN_OBJC_ROOT_CLASS = YES_ERROR;
				CLANG_WARN_QUOTED_INCLUDE_IN_FRAMEWORK_HEADER = YES;
				CLANG_WARN_RANGE_LOOP_ANALYSIS = YES;
				CLANG_WARN_STRICT_PROTOTYPES = YES;
				CLANG_WARN_SUSPICIOUS_MOVE = YES;
				CLANG_WARN_UNGUARDED_AVAILABILITY = YES_AGGRESSIVE;
				CLANG_WARN_UNREACHABLE_CODE = YES;
				CLANG_WARN__DUPLICATE_METHOD_MATCH = YES;
				COPY_PHASE_STRIP = NO;
				DEBUG_INFORMATION_FORMAT = "dwarf-with-dsym";
				ENABLE_NS_ASSERTIONS = NO;
				ENABLE_STRICT_OBJC_MSGSEND = YES;
				ENABLE_USER_SCRIPT_SANDBOXING = YES;
				GCC_C_LANGUAGE_STANDARD = gnu17;
				GCC_NO_COMMON_BLOCKS = YES;
				GCC_WARN_64_TO_32_BIT_CONVERSION = YES;
				GCC_WARN_ABOUT_RETURN_TYPE = YES_ERROR;
				GCC_WARN_UNDECLARED_SELECTOR = YES;
				GCC_WARN_UNINITIALIZED_AUTOS = YES_AGGRESSIVE;
				GCC_WARN_UNUSED_FUNCTION = YES;
				GCC_WARN_UNUSED_VARIABLE = YES;
				IPHONEOS_DEPLOYMENT_TARGET = 13.0;
				LOCALIZATION_PREFERS_STRING_CATALOGS = YES;
				MTL_ENABLE_DEBUG_INFO = NO;
				MTL_FAST_MATH = YES;
				SDKROOT = iphoneos;
				SWIFT_COMPILATION_MODE = wholemodule;
				VALIDATE_PRODUCT = YES;
			};
			name = Release;
		};
		61D573812BB5698F00D98AAE /* Debug */ = {
			isa = XCBuildConfiguration;
			buildSettings = {
				ASSETCATALOG_COMPILER_APPICON_NAME = AppIcon;
				ASSETCATALOG_COMPILER_GLOBAL_ACCENT_COLOR_NAME = AccentColor;
				CODE_SIGN_STYLE = Automatic;
				CURRENT_PROJECT_VERSION = 1;
				DEVELOPMENT_TEAM = AC9SSJV4MN;
				GENERATE_INFOPLIST_FILE = YES;
				INFOPLIST_FILE = GalleryApp/Info.plist;
				INFOPLIST_KEY_UIApplicationSupportsIndirectInputEvents = YES;
				INFOPLIST_KEY_UILaunchStoryboardName = LaunchScreen;
				INFOPLIST_KEY_UISupportedInterfaceOrientations_iPad = "UIInterfaceOrientationPortrait UIInterfaceOrientationPortraitUpsideDown UIInterfaceOrientationLandscapeLeft UIInterfaceOrientationLandscapeRight";
				INFOPLIST_KEY_UISupportedInterfaceOrientations_iPhone = "UIInterfaceOrientationPortrait UIInterfaceOrientationLandscapeLeft UIInterfaceOrientationLandscapeRight";
				LD_RUNPATH_SEARCH_PATHS = (
					"$(inherited)",
					"@executable_path/Frameworks",
				);
				MARKETING_VERSION = 1.0;
				PRODUCT_BUNDLE_IDENTIFIER = com.mk.GalleryApp;
				PRODUCT_NAME = "$(TARGET_NAME)";
				SWIFT_EMIT_LOC_STRINGS = YES;
				SWIFT_VERSION = 5.0;
				TARGETED_DEVICE_FAMILY = "1,2";
			};
			name = Debug;
		};
		61D573822BB5698F00D98AAE /* Release */ = {
			isa = XCBuildConfiguration;
			buildSettings = {
				ASSETCATALOG_COMPILER_APPICON_NAME = AppIcon;
				ASSETCATALOG_COMPILER_GLOBAL_ACCENT_COLOR_NAME = AccentColor;
				CODE_SIGN_STYLE = Automatic;
				CURRENT_PROJECT_VERSION = 1;
				DEVELOPMENT_TEAM = AC9SSJV4MN;
				GENERATE_INFOPLIST_FILE = YES;
				INFOPLIST_FILE = GalleryApp/Info.plist;
				INFOPLIST_KEY_UIApplicationSupportsIndirectInputEvents = YES;
				INFOPLIST_KEY_UILaunchStoryboardName = LaunchScreen;
				INFOPLIST_KEY_UISupportedInterfaceOrientations_iPad = "UIInterfaceOrientationPortrait UIInterfaceOrientationPortraitUpsideDown UIInterfaceOrientationLandscapeLeft UIInterfaceOrientationLandscapeRight";
				INFOPLIST_KEY_UISupportedInterfaceOrientations_iPhone = "UIInterfaceOrientationPortrait UIInterfaceOrientationLandscapeLeft UIInterfaceOrientationLandscapeRight";
				LD_RUNPATH_SEARCH_PATHS = (
					"$(inherited)",
					"@executable_path/Frameworks",
				);
				MARKETING_VERSION = 1.0;
				PRODUCT_BUNDLE_IDENTIFIER = com.mk.GalleryApp;
				PRODUCT_NAME = "$(TARGET_NAME)";
				SWIFT_EMIT_LOC_STRINGS = YES;
				SWIFT_VERSION = 5.0;
				TARGETED_DEVICE_FAMILY = "1,2";
			};
			name = Release;
		};
/* End XCBuildConfiguration section */

/* Begin XCConfigurationList section */
		61D573672BB5698D00D98AAE /* Build configuration list for PBXProject "GalleryApp" */ = {
			isa = XCConfigurationList;
			buildConfigurations = (
				61D5737E2BB5698F00D98AAE /* Debug */,
				61D5737F2BB5698F00D98AAE /* Release */,
			);
			defaultConfigurationIsVisible = 0;
			defaultConfigurationName = Release;
		};
		61D573802BB5698F00D98AAE /* Build configuration list for PBXNativeTarget "GalleryApp" */ = {
			isa = XCConfigurationList;
			buildConfigurations = (
				61D573812BB5698F00D98AAE /* Debug */,
				61D573822BB5698F00D98AAE /* Release */,
			);
			defaultConfigurationIsVisible = 0;
			defaultConfigurationName = Release;
		};
/* End XCConfigurationList section */
	};
	rootObject = 61D573642BB5698D00D98AAE /* Project object */;
}
