// !$*UTF8*$!
{
	archiveVersion = 1;
	classes = {
	};
	objectVersion = 56;
	objects = {

/* Begin PBXBuildFile section */
		61D573702BB5698D00D98AAE /* AppDelegate.swift in Sources */ = {isa = PBXBuildFile; fileRef = 61D5736F2BB5698D00D98AAE /* AppDelegate.swift */; };
		61D573722BB5698D00D98AAE /* SceneDelegate.swift in Sources */ = {isa = PBXBuildFile; fileRef = 61D573712BB5698D00D98AAE /* SceneDelegate.swift */; };
		61D573792BB5698F00D98AAE /* Assets.xcassets in Resources */ = {isa = PBXBuildFile; fileRef = 61D573782BB5698F00D98AAE /* Assets.xcassets */; };
		61D5737C2BB5698F00D98AAE /* Base in Resources */ = {isa = PBXBuildFile; fileRef = 61D5737B2BB5698F00D98AAE /* Base */; };
		61D573862BB56B8700D98AAE /* GalleryTabBarController.swift in Sources */ = {isa = PBXBuildFile; fileRef = 61D573852BB56B8700D98AAE /* GalleryTabBarController.swift */; };
		61D5738C2BB56C3C00D98AAE /* ImagesListViewController.swift in Sources */ = {isa = PBXBuildFile; fileRef = 61D5738B2BB56C3C00D98AAE /* ImagesListViewController.swift */; };
		61D5738E2BB56C4600D98AAE /* ImagesListViewModel.swift in Sources */ = {isa = PBXBuildFile; fileRef = 61D5738D2BB56C4600D98AAE /* ImagesListViewModel.swift */; };
		61D573902BB56C5000D98AAE /* ImagesListRouter.swift in Sources */ = {isa = PBXBuildFile; fileRef = 61D5738F2BB56C5000D98AAE /* ImagesListRouter.swift */; };
		61D573922BB56C5900D98AAE /* ImagesListAssembly.swift in Sources */ = {isa = PBXBuildFile; fileRef = 61D573912BB56C5900D98AAE /* ImagesListAssembly.swift */; };
		61D573942BB56CC400D98AAE /* FavoritesListViewController.swift in Sources */ = {isa = PBXBuildFile; fileRef = 61D573932BB56CC400D98AAE /* FavoritesListViewController.swift */; };
		61D573962BB56CD500D98AAE /* FavoritesListViewModel.swift in Sources */ = {isa = PBXBuildFile; fileRef = 61D573952BB56CD500D98AAE /* FavoritesListViewModel.swift */; };
		61D573982BB56CE300D98AAE /* FavoritesListRouter.swift in Sources */ = {isa = PBXBuildFile; fileRef = 61D573972BB56CE300D98AAE /* FavoritesListRouter.swift */; };
		61D5739A2BB56CEE00D98AAE /* FavoritesListAssembly.swift in Sources */ = {isa = PBXBuildFile; fileRef = 61D573992BB56CEE00D98AAE /* FavoritesListAssembly.swift */; };
		61D5739E2BB56F3C00D98AAE /* APIService.swift in Sources */ = {isa = PBXBuildFile; fileRef = 61D5739D2BB56F3C00D98AAE /* APIService.swift */; };
		61D573A02BB56F5F00D98AAE /* BaseEndpoint.swift in Sources */ = {isa = PBXBuildFile; fileRef = 61D5739F2BB56F5F00D98AAE /* BaseEndpoint.swift */; };
		61D573A42BB56F9400D98AAE /* NetworkError.swift in Sources */ = {isa = PBXBuildFile; fileRef = 61D573A32BB56F9400D98AAE /* NetworkError.swift */; };
		61D573A62BB56FB200D98AAE /* NetworkServiceFactory.swift in Sources */ = {isa = PBXBuildFile; fileRef = 61D573A52BB56FB200D98AAE /* NetworkServiceFactory.swift */; };
		61D573A82BB56FEB00D98AAE /* ImagesListEndpoint.swift in Sources */ = {isa = PBXBuildFile; fileRef = 61D573A72BB56FEB00D98AAE /* ImagesListEndpoint.swift */; };
		61D573AA2BB5700800D98AAE /* ImagesListNetworkService.swift in Sources */ = {isa = PBXBuildFile; fileRef = 61D573A92BB5700800D98AAE /* ImagesListNetworkService.swift */; };
		61D573AE2BB5710300D98AAE /* Image.swift in Sources */ = {isa = PBXBuildFile; fileRef = 61D573AD2BB5710300D98AAE /* Image.swift */; };
		61D573B12BB5758700D98AAE /* Set+Ext.swift in Sources */ = {isa = PBXBuildFile; fileRef = 61D573B02BB5758700D98AAE /* Set+Ext.swift */; };
		61D573B42BB57DD900D98AAE /* ImageCell.swift in Sources */ = {isa = PBXBuildFile; fileRef = 61D573B32BB57DD900D98AAE /* ImageCell.swift */; };
		61D573B72BB57FC400D98AAE /* GalleryImageView.swift in Sources */ = {isa = PBXBuildFile; fileRef = 61D573B62BB57FC400D98AAE /* GalleryImageView.swift */; };
		61D573B92BB57FF000D98AAE /* GalleryTitleLabel.swift in Sources */ = {isa = PBXBuildFile; fileRef = 61D573B82BB57FF000D98AAE /* GalleryTitleLabel.swift */; };
		61D573BB2BB5805C00D98AAE /* UIView+Ext.swift in Sources */ = {isa = PBXBuildFile; fileRef = 61D573BA2BB5805C00D98AAE /* UIView+Ext.swift */; };
		61D573BE2BB5809800D98AAE /* Kingfisher in Frameworks */ = {isa = PBXBuildFile; productRef = 61D573BD2BB5809800D98AAE /* Kingfisher */; };
		61D573C12BB5862900D98AAE /* SnapKit in Frameworks */ = {isa = PBXBuildFile; productRef = 61D573C02BB5862900D98AAE /* SnapKit */; };
		61D573C32BB5862900D98AAE /* SnapKit-Dynamic in Frameworks */ = {isa = PBXBuildFile; productRef = 61D573C22BB5862900D98AAE /* SnapKit-Dynamic */; };
		61D573C62BB5886100D98AAE /* Constants.swift in Sources */ = {isa = PBXBuildFile; fileRef = 61D573C52BB5886100D98AAE /* Constants.swift */; };
		61D573C82BB58CCD00D98AAE /* LoadingIndicatorView.swift in Sources */ = {isa = PBXBuildFile; fileRef = 61D573C72BB58CCD00D98AAE /* LoadingIndicatorView.swift */; };
		61D573CA2BB5956F00D98AAE /* FavoriteButton.swift in Sources */ = {isa = PBXBuildFile; fileRef = 61D573C92BB5956F00D98AAE /* FavoriteButton.swift */; };
		61D573CF2BB5AABB00D98AAE /* Realm in Frameworks */ = {isa = PBXBuildFile; productRef = 61D573CE2BB5AABB00D98AAE /* Realm */; };
		61D573D12BB5AABB00D98AAE /* RealmSwift in Frameworks */ = {isa = PBXBuildFile; productRef = 61D573D02BB5AABB00D98AAE /* RealmSwift */; };
		61D573D32BB5AC9900D98AAE /* ImageObject.swift in Sources */ = {isa = PBXBuildFile; fileRef = 61D573D22BB5AC9900D98AAE /* ImageObject.swift */; };
		61D573D62BB5AD5500D98AAE /* PersistanceService.swift in Sources */ = {isa = PBXBuildFile; fileRef = 61D573D52BB5AD5500D98AAE /* PersistanceService.swift */; };
		61D573D82BB5B07C00D98AAE /* ImageRepository.swift in Sources */ = {isa = PBXBuildFile; fileRef = 61D573D72BB5B07C00D98AAE /* ImageRepository.swift */; };
		61D573F42BB6C61000D98AAE /* FavoriteCell.swift in Sources */ = {isa = PBXBuildFile; fileRef = 61D573F32BB6C61000D98AAE /* FavoriteCell.swift */; };
		61D573F62BB6DF2100D98AAE /* DetailedImageViewController.swift in Sources */ = {isa = PBXBuildFile; fileRef = 61D573F52BB6DF2100D98AAE /* DetailedImageViewController.swift */; };
		61D573F82BB6DF4300D98AAE /* DetailedImageViewModel.swift in Sources */ = {isa = PBXBuildFile; fileRef = 61D573F72BB6DF4300D98AAE /* DetailedImageViewModel.swift */; };
		61D573FA2BB6DF5200D98AAE /* DetailedImageAssembly.swift in Sources */ = {isa = PBXBuildFile; fileRef = 61D573F92BB6DF5200D98AAE /* DetailedImageAssembly.swift */; };
		61D573FC2BB6E64E00D98AAE /* GalleryDescriptionLabel.swift in Sources */ = {isa = PBXBuildFile; fileRef = 61D573FB2BB6E64E00D98AAE /* GalleryDescriptionLabel.swift */; };
		61D573FE2BB6E7CD00D98AAE /* LikesView.swift in Sources */ = {isa = PBXBuildFile; fileRef = 61D573FD2BB6E7CD00D98AAE /* LikesView.swift */; };
		61D574022BB6FE1E00D98AAE /* UIStackView+Ext.swift in Sources */ = {isa = PBXBuildFile; fileRef = 61D574012BB6FE1E00D98AAE /* UIStackView+Ext.swift */; };
		61D574042BB81C0C00D98AAE /* FavoriteEmptyStateView.swift in Sources */ = {isa = PBXBuildFile; fileRef = 61D574032BB81C0C00D98AAE /* FavoriteEmptyStateView.swift */; };
/* End PBXBuildFile section */

/* Begin PBXFileReference section */
		61D5736C2BB5698D00D98AAE /* GalleryApp.app */ = {isa = PBXFileReference; explicitFileType = wrapper.application; includeInIndex = 0; path = GalleryApp.app; sourceTree = BUILT_PRODUCTS_DIR; };
		61D5736F2BB5698D00D98AAE /* AppDelegate.swift */ = {isa = PBXFileReference; lastKnownFileType = sourcecode.swift; path = AppDelegate.swift; sourceTree = "<group>"; };
		61D573712BB5698D00D98AAE /* SceneDelegate.swift */ = {isa = PBXFileReference; lastKnownFileType = sourcecode.swift; path = SceneDelegate.swift; sourceTree = "<group>"; };
		61D573782BB5698F00D98AAE /* Assets.xcassets */ = {isa = PBXFileReference; lastKnownFileType = folder.assetcatalog; path = Assets.xcassets; sourceTree = "<group>"; };
		61D5737B2BB5698F00D98AAE /* Base */ = {isa = PBXFileReference; lastKnownFileType = file.storyboard; name = Base; path = Base.lproj/LaunchScreen.storyboard; sourceTree = "<group>"; };
		61D5737D2BB5698F00D98AAE /* Info.plist */ = {isa = PBXFileReference; lastKnownFileType = text.plist.xml; path = Info.plist; sourceTree = "<group>"; };
		61D573852BB56B8700D98AAE /* GalleryTabBarController.swift */ = {isa = PBXFileReference; lastKnownFileType = sourcecode.swift; path = GalleryTabBarController.swift; sourceTree = "<group>"; };
		61D5738B2BB56C3C00D98AAE /* ImagesListViewController.swift */ = {isa = PBXFileReference; lastKnownFileType = sourcecode.swift; path = ImagesListViewController.swift; sourceTree = "<group>"; };
		61D5738D2BB56C4600D98AAE /* ImagesListViewModel.swift */ = {isa = PBXFileReference; lastKnownFileType = sourcecode.swift; path = ImagesListViewModel.swift; sourceTree = "<group>"; };
		61D5738F2BB56C5000D98AAE /* ImagesListRouter.swift */ = {isa = PBXFileReference; lastKnownFileType = sourcecode.swift; path = ImagesListRouter.swift; sourceTree = "<group>"; };
		61D573912BB56C5900D98AAE /* ImagesListAssembly.swift */ = {isa = PBXFileReference; lastKnownFileType = sourcecode.swift; path = ImagesListAssembly.swift; sourceTree = "<group>"; };
		61D573932BB56CC400D98AAE /* FavoritesListViewController.swift */ = {isa = PBXFileReference; lastKnownFileType = sourcecode.swift; path = FavoritesListViewController.swift; sourceTree = "<group>"; };
		61D573952BB56CD500D98AAE /* FavoritesListViewModel.swift */ = {isa = PBXFileReference; lastKnownFileType = sourcecode.swift; path = FavoritesListViewModel.swift; sourceTree = "<group>"; };
		61D573972BB56CE300D98AAE /* FavoritesListRouter.swift */ = {isa = PBXFileReference; lastKnownFileType = sourcecode.swift; path = FavoritesListRouter.swift; sourceTree = "<group>"; };
		61D573992BB56CEE00D98AAE /* FavoritesListAssembly.swift */ = {isa = PBXFileReference; lastKnownFileType = sourcecode.swift; path = FavoritesListAssembly.swift; sourceTree = "<group>"; };
		61D5739D2BB56F3C00D98AAE /* APIService.swift */ = {isa = PBXFileReference; lastKnownFileType = sourcecode.swift; path = APIService.swift; sourceTree = "<group>"; };
		61D5739F2BB56F5F00D98AAE /* BaseEndpoint.swift */ = {isa = PBXFileReference; lastKnownFileType = sourcecode.swift; path = BaseEndpoint.swift; sourceTree = "<group>"; };
		61D573A32BB56F9400D98AAE /* NetworkError.swift */ = {isa = PBXFileReference; lastKnownFileType = sourcecode.swift; path = NetworkError.swift; sourceTree = "<group>"; };
		61D573A52BB56FB200D98AAE /* NetworkServiceFactory.swift */ = {isa = PBXFileReference; lastKnownFileType = sourcecode.swift; path = NetworkServiceFactory.swift; sourceTree = "<group>"; };
		61D573A72BB56FEB00D98AAE /* ImagesListEndpoint.swift */ = {isa = PBXFileReference; lastKnownFileType = sourcecode.swift; path = ImagesListEndpoint.swift; sourceTree = "<group>"; };
		61D573A92BB5700800D98AAE /* ImagesListNetworkService.swift */ = {isa = PBXFileReference; lastKnownFileType = sourcecode.swift; path = ImagesListNetworkService.swift; sourceTree = "<group>"; };
		61D573AD2BB5710300D98AAE /* Image.swift */ = {isa = PBXFileReference; lastKnownFileType = sourcecode.swift; path = Image.swift; sourceTree = "<group>"; };
		61D573B02BB5758700D98AAE /* Set+Ext.swift */ = {isa = PBXFileReference; lastKnownFileType = sourcecode.swift; path = "Set+Ext.swift"; sourceTree = "<group>"; };
		61D573B32BB57DD900D98AAE /* ImageCell.swift */ = {isa = PBXFileReference; lastKnownFileType = sourcecode.swift; path = ImageCell.swift; sourceTree = "<group>"; };
		61D573B62BB57FC400D98AAE /* GalleryImageView.swift */ = {isa = PBXFileReference; lastKnownFileType = sourcecode.swift; path = GalleryImageView.swift; sourceTree = "<group>"; };
		61D573B82BB57FF000D98AAE /* GalleryTitleLabel.swift */ = {isa = PBXFileReference; lastKnownFileType = sourcecode.swift; path = GalleryTitleLabel.swift; sourceTree = "<group>"; };
		61D573BA2BB5805C00D98AAE /* UIView+Ext.swift */ = {isa = PBXFileReference; lastKnownFileType = sourcecode.swift; path = "UIView+Ext.swift"; sourceTree = "<group>"; };
		61D573C52BB5886100D98AAE /* Constants.swift */ = {isa = PBXFileReference; lastKnownFileType = sourcecode.swift; path = Constants.swift; sourceTree = "<group>"; };
		61D573C72BB58CCD00D98AAE /* LoadingIndicatorView.swift */ = {isa = PBXFileReference; lastKnownFileType = sourcecode.swift; path = LoadingIndicatorView.swift; sourceTree = "<group>"; };
		61D573C92BB5956F00D98AAE /* FavoriteButton.swift */ = {isa = PBXFileReference; lastKnownFileType = sourcecode.swift; path = FavoriteButton.swift; sourceTree = "<group>"; };
		61D573D22BB5AC9900D98AAE /* ImageObject.swift */ = {isa = PBXFileReference; lastKnownFileType = sourcecode.swift; path = ImageObject.swift; sourceTree = "<group>"; };
		61D573D52BB5AD5500D98AAE /* PersistanceService.swift */ = {isa = PBXFileReference; lastKnownFileType = sourcecode.swift; path = PersistanceService.swift; sourceTree = "<group>"; };
		61D573D72BB5B07C00D98AAE /* ImageRepository.swift */ = {isa = PBXFileReference; lastKnownFileType = sourcecode.swift; path = ImageRepository.swift; sourceTree = "<group>"; };
		61D573F32BB6C61000D98AAE /* FavoriteCell.swift */ = {isa = PBXFileReference; lastKnownFileType = sourcecode.swift; path = FavoriteCell.swift; sourceTree = "<group>"; };
		61D573F52BB6DF2100D98AAE /* DetailedImageViewController.swift */ = {isa = PBXFileReference; lastKnownFileType = sourcecode.swift; path = DetailedImageViewController.swift; sourceTree = "<group>"; };
		61D573F72BB6DF4300D98AAE /* DetailedImageViewModel.swift */ = {isa = PBXFileReference; lastKnownFileType = sourcecode.swift; path = DetailedImageViewModel.swift; sourceTree = "<group>"; };
		61D573F92BB6DF5200D98AAE /* DetailedImageAssembly.swift */ = {isa = PBXFileReference; lastKnownFileType = sourcecode.swift; path = DetailedImageAssembly.swift; sourceTree = "<group>"; };
		61D573FB2BB6E64E00D98AAE /* GalleryDescriptionLabel.swift */ = {isa = PBXFileReference; lastKnownFileType = sourcecode.swift; path = GalleryDescriptionLabel.swift; sourceTree = "<group>"; };
		61D573FD2BB6E7CD00D98AAE /* LikesView.swift */ = {isa = PBXFileReference; lastKnownFileType = sourcecode.swift; path = LikesView.swift; sourceTree = "<group>"; };
		61D574012BB6FE1E00D98AAE /* UIStackView+Ext.swift */ = {isa = PBXFileReference; fileEncoding = 4; lastKnownFileType = sourcecode.swift; path = "UIStackView+Ext.swift"; sourceTree = "<group>"; };
		61D574032BB81C0C00D98AAE /* FavoriteEmptyStateView.swift */ = {isa = PBXFileReference; lastKnownFileType = sourcecode.swift; path = FavoriteEmptyStateView.swift; sourceTree = "<group>"; };
/* End PBXFileReference section */

/* Begin PBXFrameworksBuildPhase section */
		61D573692BB5698D00D98AAE /* Frameworks */ = {
			isa = PBXFrameworksBuildPhase;
			buildActionMask = 2147483647;
			files = (
				61D573BE2BB5809800D98AAE /* Kingfisher in Frameworks */,
				61D573C12BB5862900D98AAE /* SnapKit in Frameworks */,
				61D573CF2BB5AABB00D98AAE /* Realm in Frameworks */,
				61D573D12BB5AABB00D98AAE /* RealmSwift in Frameworks */,
				61D573C32BB5862900D98AAE /* SnapKit-Dynamic in Frameworks */,
			);
			runOnlyForDeploymentPostprocessing = 0;
		};
/* End PBXFrameworksBuildPhase section */

/* Begin PBXGroup section */
		61D573632BB5698D00D98AAE = {
			isa = PBXGroup;
			children = (
				61D5736E2BB5698D00D98AAE /* GalleryApp */,
				61D5736D2BB5698D00D98AAE /* Products */,
			);
			sourceTree = "<group>";
		};
		61D5736D2BB5698D00D98AAE /* Products */ = {
			isa = PBXGroup;
			children = (
				61D5736C2BB5698D00D98AAE /* GalleryApp.app */,
			);
			name = Products;
			sourceTree = "<group>";
		};
		61D5736E2BB5698D00D98AAE /* GalleryApp */ = {
			isa = PBXGroup;
			children = (
				61D573832BB56B2300D98AAE /* App */,
				61D573B52BB57F9E00D98AAE /* Components */,
				61D573AF2BB5757600D98AAE /* Extensions */,
				61D5739C2BB56EEA00D98AAE /* Networking */,
				61D573D42BB5AD4200D98AAE /* Persistance */,
				61D573AC2BB570E900D98AAE /* Model */,
				61D573892BB56C0000D98AAE /* DetailedImageModule */,
				61D573872BB56B9800D98AAE /* ImagesListModule */,
				61D573882BB56BDB00D98AAE /* FavoritesListModule */,
				61D573842BB56B6600D98AAE /* TabBarModule */,
				61D5738A2BB56C1600D98AAE /* Resources */,
				61D573C42BB5884F00D98AAE /* Utilities */,
				61D5737D2BB5698F00D98AAE /* Info.plist */,
			);
			path = GalleryApp;
			sourceTree = "<group>";
		};
		61D573832BB56B2300D98AAE /* App */ = {
			isa = PBXGroup;
			children = (
				61D5736F2BB5698D00D98AAE /* AppDelegate.swift */,
				61D573712BB5698D00D98AAE /* SceneDelegate.swift */,
			);
			path = App;
			sourceTree = "<group>";
		};
		61D573842BB56B6600D98AAE /* TabBarModule */ = {
			isa = PBXGroup;
			children = (
				61D573852BB56B8700D98AAE /* GalleryTabBarController.swift */,
			);
			path = TabBarModule;
			sourceTree = "<group>";
		};
		61D573872BB56B9800D98AAE /* ImagesListModule */ = {
			isa = PBXGroup;
			children = (
				61D573B22BB57DA700D98AAE /* Components */,
				61D573912BB56C5900D98AAE /* ImagesListAssembly.swift */,
				61D5738B2BB56C3C00D98AAE /* ImagesListViewController.swift */,
				61D5738D2BB56C4600D98AAE /* ImagesListViewModel.swift */,
				61D5738F2BB56C5000D98AAE /* ImagesListRouter.swift */,
			);
			path = ImagesListModule;
			sourceTree = "<group>";
		};
		61D573882BB56BDB00D98AAE /* FavoritesListModule */ = {
			isa = PBXGroup;
			children = (
				61D573F22BB6C60000D98AAE /* Components */,
				61D573992BB56CEE00D98AAE /* FavoritesListAssembly.swift */,
				61D573932BB56CC400D98AAE /* FavoritesListViewController.swift */,
				61D573952BB56CD500D98AAE /* FavoritesListViewModel.swift */,
				61D573972BB56CE300D98AAE /* FavoritesListRouter.swift */,
			);
			path = FavoritesListModule;
			sourceTree = "<group>";
		};
		61D573892BB56C0000D98AAE /* DetailedImageModule */ = {
			isa = PBXGroup;
			children = (
				61D573F92BB6DF5200D98AAE /* DetailedImageAssembly.swift */,
				61D573F52BB6DF2100D98AAE /* DetailedImageViewController.swift */,
				61D573F72BB6DF4300D98AAE /* DetailedImageViewModel.swift */,
			);
			path = DetailedImageModule;
			sourceTree = "<group>";
		};
		61D5738A2BB56C1600D98AAE /* Resources */ = {
			isa = PBXGroup;
			children = (
				61D573782BB5698F00D98AAE /* Assets.xcassets */,
				61D5737A2BB5698F00D98AAE /* LaunchScreen.storyboard */,
			);
			path = Resources;
			sourceTree = "<group>";
		};
		61D5739C2BB56EEA00D98AAE /* Networking */ = {
			isa = PBXGroup;
			children = (
				61D573AB2BB5703B00D98AAE /* ImagesList */,
				61D5739D2BB56F3C00D98AAE /* APIService.swift */,
				61D5739F2BB56F5F00D98AAE /* BaseEndpoint.swift */,
				61D573A32BB56F9400D98AAE /* NetworkError.swift */,
				61D573A52BB56FB200D98AAE /* NetworkServiceFactory.swift */,
			);
			path = Networking;
			sourceTree = "<group>";
		};
		61D573AB2BB5703B00D98AAE /* ImagesList */ = {
			isa = PBXGroup;
			children = (
				61D573A72BB56FEB00D98AAE /* ImagesListEndpoint.swift */,
				61D573A92BB5700800D98AAE /* ImagesListNetworkService.swift */,
			);
			path = ImagesList;
			sourceTree = "<group>";
		};
		61D573AC2BB570E900D98AAE /* Model */ = {
			isa = PBXGroup;
			children = (
				61D573AD2BB5710300D98AAE /* Image.swift */,
				61D573D22BB5AC9900D98AAE /* ImageObject.swift */,
			);
			path = Model;
			sourceTree = "<group>";
		};
		61D573AF2BB5757600D98AAE /* Extensions */ = {
			isa = PBXGroup;
			children = (
				61D573B02BB5758700D98AAE /* Set+Ext.swift */,
				61D573BA2BB5805C00D98AAE /* UIView+Ext.swift */,
				61D574012BB6FE1E00D98AAE /* UIStackView+Ext.swift */,
			);
			path = Extensions;
			sourceTree = "<group>";
		};
		61D573B22BB57DA700D98AAE /* Components */ = {
			isa = PBXGroup;
			children = (
				61D573B32BB57DD900D98AAE /* ImageCell.swift */,
			);
			path = Components;
			sourceTree = "<group>";
		};
		61D573B52BB57F9E00D98AAE /* Components */ = {
			isa = PBXGroup;
			children = (
				61D573B62BB57FC400D98AAE /* GalleryImageView.swift */,
				61D573B82BB57FF000D98AAE /* GalleryTitleLabel.swift */,
				61D573FB2BB6E64E00D98AAE /* GalleryDescriptionLabel.swift */,
				61D573C72BB58CCD00D98AAE /* LoadingIndicatorView.swift */,
				61D574032BB81C0C00D98AAE /* FavoriteEmptyStateView.swift */,
				61D573C92BB5956F00D98AAE /* FavoriteButton.swift */,
				61D573FD2BB6E7CD00D98AAE /* LikesView.swift */,
			);
			path = Components;
			sourceTree = "<group>";
		};
		61D573C42BB5884F00D98AAE /* Utilities */ = {
			isa = PBXGroup;
			children = (
				61D573C52BB5886100D98AAE /* Constants.swift */,
			);
			path = Utilities;
			sourceTree = "<group>";
		};
		61D573D42BB5AD4200D98AAE /* Persistance */ = {
			isa = PBXGroup;
			children = (
				61D573D52BB5AD5500D98AAE /* PersistanceService.swift */,
				61D573D72BB5B07C00D98AAE /* ImageRepository.swift */,
			);
			path = Persistance;
			sourceTree = "<group>";
		};
		61D573F22BB6C60000D98AAE /* Components */ = {
			isa = PBXGroup;
			children = (
				61D573F32BB6C61000D98AAE /* FavoriteCell.swift */,
			);
			path = Components;
			sourceTree = "<group>";
		};
/* End PBXGroup section */

/* Begin PBXNativeTarget section */
		61D5736B2BB5698D00D98AAE /* GalleryApp */ = {
			isa = PBXNativeTarget;
			buildConfigurationList = 61D573802BB5698F00D98AAE /* Build configuration list for PBXNativeTarget "GalleryApp" */;
			buildPhases = (
				61D573682BB5698D00D98AAE /* Sources */,
				61D573692BB5698D00D98AAE /* Frameworks */,
				61D5736A2BB5698D00D98AAE /* Resources */,
				61D573F12BB6C1AE00D98AAE /* ShellScript */,
			);
			buildRules = (
			);
			dependencies = (
			);
			name = GalleryApp;
			packageProductDependencies = (
				61D573BD2BB5809800D98AAE /* Kingfisher */,
				61D573C02BB5862900D98AAE /* SnapKit */,
				61D573C22BB5862900D98AAE /* SnapKit-Dynamic */,
				61D573CE2BB5AABB00D98AAE /* Realm */,
				61D573D02BB5AABB00D98AAE /* RealmSwift */,
			);
			productName = GalleryApp;
			productReference = 61D5736C2BB5698D00D98AAE /* GalleryApp.app */;
			productType = "com.apple.product-type.application";
		};
/* End PBXNativeTarget section */

/* Begin PBXProject section */
		61D573642BB5698D00D98AAE /* Project object */ = {
			isa = PBXProject;
			attributes = {
				BuildIndependentTargetsInParallel = 1;
				LastSwiftUpdateCheck = 1530;
				LastUpgradeCheck = 1530;
				TargetAttributes = {
					61D5736B2BB5698D00D98AAE = {
						CreatedOnToolsVersion = 15.3;
					};
				};
			};
			buildConfigurationList = 61D573672BB5698D00D98AAE /* Build configuration list for PBXProject "GalleryApp" */;
			compatibilityVersion = "Xcode 14.0";
			developmentRegion = en;
			hasScannedForEncodings = 0;
			knownRegions = (
				en,
				Base,
			);
			mainGroup = 61D573632BB5698D00D98AAE;
			packageReferences = (
				61D573BC2BB5809800D98AAE /* XCRemoteSwiftPackageReference "Kingfisher" */,
				61D573BF2BB5862900D98AAE /* XCRemoteSwiftPackageReference "SnapKit" */,
				61D573CD2BB5AABA00D98AAE /* XCRemoteSwiftPackageReference "realm-swift" */,
			);
			productRefGroup = 61D5736D2BB5698D00D98AAE /* Products */;
			projectDirPath = "";
			projectRoot = "";
			targets = (
				61D5736B2BB5698D00D98AAE /* GalleryApp */,
			);
		};
/* End PBXProject section */

/* Begin PBXResourcesBuildPhase section */
		61D5736A2BB5698D00D98AAE /* Resources */ = {
			isa = PBXResourcesBuildPhase;
			buildActionMask = 2147483647;
			files = (
				61D573792BB5698F00D98AAE /* Assets.xcassets in Resources */,
				61D5737C2BB5698F00D98AAE /* Base in Resources */,
			);
			runOnlyForDeploymentPostprocessing = 0;
		};
/* End PBXResourcesBuildPhase section */

/* Begin PBXShellScriptBuildPhase section */
		61D573F12BB6C1AE00D98AAE /* ShellScript */ = {
			isa = PBXShellScriptBuildPhase;
			alwaysOutOfDate = 1;
			buildActionMask = 2147483647;
			files = (
			);
			inputFileListPaths = (
			);
			inputPaths = (
			);
			outputFileListPaths = (
			);
			outputPaths = (
			);
			runOnlyForDeploymentPostprocessing = 0;
			shellPath = /bin/sh;
			shellScript = "if [[ \"$(uname -m)\" == arm64 ]]; then\n    export PATH=\"/opt/homebrew/bin:$PATH\"\nfi\n\nif which swiftlint > /dev/null; then\n  swiftlint\nelse\n  echo \"warning: SwiftLint not installed, download from https://github.com/realm/SwiftLint\"\nfi\n";
		};
/* End PBXShellScriptBuildPhase section */

/* Begin PBXSourcesBuildPhase section */
		61D573682BB5698D00D98AAE /* Sources */ = {
			isa = PBXSourcesBuildPhase;
			buildActionMask = 2147483647;
			files = (
				61D573C62BB5886100D98AAE /* Constants.swift in Sources */,
				61D573D82BB5B07C00D98AAE /* ImageRepository.swift in Sources */,
				61D573FE2BB6E7CD00D98AAE /* LikesView.swift in Sources */,
				61D573F82BB6DF4300D98AAE /* DetailedImageViewModel.swift in Sources */,
				61D574042BB81C0C00D98AAE /* FavoriteEmptyStateView.swift in Sources */,
				61D573D32BB5AC9900D98AAE /* ImageObject.swift in Sources */,
				61D573902BB56C5000D98AAE /* ImagesListRouter.swift in Sources */,
				61D573AA2BB5700800D98AAE /* ImagesListNetworkService.swift in Sources */,
				61D573862BB56B8700D98AAE /* GalleryTabBarController.swift in Sources */,
				61D573D62BB5AD5500D98AAE /* PersistanceService.swift in Sources */,
				61D573962BB56CD500D98AAE /* FavoritesListViewModel.swift in Sources */,
				61D573B72BB57FC400D98AAE /* GalleryImageView.swift in Sources */,
				61D573C82BB58CCD00D98AAE /* LoadingIndicatorView.swift in Sources */,
				61D573B42BB57DD900D98AAE /* ImageCell.swift in Sources */,
				61D573A82BB56FEB00D98AAE /* ImagesListEndpoint.swift in Sources */,
				61D573F62BB6DF2100D98AAE /* DetailedImageViewController.swift in Sources */,
				61D574022BB6FE1E00D98AAE /* UIStackView+Ext.swift in Sources */,
				61D573BB2BB5805C00D98AAE /* UIView+Ext.swift in Sources */,
				61D573A02BB56F5F00D98AAE /* BaseEndpoint.swift in Sources */,
				61D5738C2BB56C3C00D98AAE /* ImagesListViewController.swift in Sources */,
				61D573942BB56CC400D98AAE /* FavoritesListViewController.swift in Sources */,
				61D5738E2BB56C4600D98AAE /* ImagesListViewModel.swift in Sources */,
				61D573B92BB57FF000D98AAE /* GalleryTitleLabel.swift in Sources */,
				61D573922BB56C5900D98AAE /* ImagesListAssembly.swift in Sources */,
				61D573A62BB56FB200D98AAE /* NetworkServiceFactory.swift in Sources */,
				61D573B12BB5758700D98AAE /* Set+Ext.swift in Sources */,
				61D573A42BB56F9400D98AAE /* NetworkError.swift in Sources */,
				61D573AE2BB5710300D98AAE /* Image.swift in Sources */,
				61D573982BB56CE300D98AAE /* FavoritesListRouter.swift in Sources */,
				61D5739A2BB56CEE00D98AAE /* FavoritesListAssembly.swift in Sources */,
				61D573FA2BB6DF5200D98AAE /* DetailedImageAssembly.swift in Sources */,
				61D573702BB5698D00D98AAE /* AppDelegate.swift in Sources */,
				61D5739E2BB56F3C00D98AAE /* APIService.swift in Sources */,
				61D573F42BB6C61000D98AAE /* FavoriteCell.swift in Sources */,
				61D573722BB5698D00D98AAE /* SceneDelegate.swift in Sources */,
				61D573FC2BB6E64E00D98AAE /* GalleryDescriptionLabel.swift in Sources */,
				61D573CA2BB5956F00D98AAE /* FavoriteButton.swift in Sources */,
			);
			runOnlyForDeploymentPostprocessing = 0;
		};
/* End PBXSourcesBuildPhase section */

/* Begin PBXVariantGroup section */
		61D5737A2BB5698F00D98AAE /* LaunchScreen.storyboard */ = {
			isa = PBXVariantGroup;
			children = (
				61D5737B2BB5698F00D98AAE /* Base */,
			);
			name = LaunchScreen.storyboard;
			sourceTree = "<group>";
		};
/* End PBXVariantGroup section */

/* Begin XCBuildConfiguration section */
		61D5737E2BB5698F00D98AAE /* Debug */ = {
			isa = XCBuildConfiguration;
			buildSettings = {
				ALWAYS_SEARCH_USER_PATHS = NO;
				ASSETCATALOG_COMPILER_GENERATE_SWIFT_ASSET_SYMBOL_EXTENSIONS = YES;
				CLANG_ANALYZER_NONNULL = YES;
				CLANG_ANALYZER_NUMBER_OBJECT_CONVERSION = YES_AGGRESSIVE;
				CLANG_CXX_LANGUAGE_STANDARD = "gnu++20";
				CLANG_ENABLE_MODULES = YES;
				CLANG_ENABLE_OBJC_ARC = YES;
				CLANG_ENABLE_OBJC_WEAK = YES;
				CLANG_WARN_BLOCK_CAPTURE_AUTORELEASING = YES;
				CLANG_WARN_BOOL_CONVERSION = YES;
				CLANG_WARN_COMMA = YES;
				CLANG_WARN_CONSTANT_CONVERSION = YES;
				CLANG_WARN_DEPRECATED_OBJC_IMPLEMENTATIONS = YES;
				CLANG_WARN_DIRECT_OBJC_ISA_USAGE = YES_ERROR;
				CLANG_WARN_DOCUMENTATION_COMMENTS = YES;
				CLANG_WARN_EMPTY_BODY = YES;
				CLANG_WARN_ENUM_CONVERSION = YES;
				CLANG_WARN_INFINITE_RECURSION = YES;
				CLANG_WARN_INT_CONVERSION = YES;
				CLANG_WARN_NON_LITERAL_NULL_CONVERSION = YES;
				CLANG_WARN_OBJC_IMPLICIT_RETAIN_SELF = YES;
				CLANG_WARN_OBJC_LITERAL_CONVERSION = YES;
				CLANG_WARN_OBJC_ROOT_CLASS = YES_ERROR;
				CLANG_WARN_QUOTED_INCLUDE_IN_FRAMEWORK_HEADER = YES;
				CLANG_WARN_RANGE_LOOP_ANALYSIS = YES;
				CLANG_WARN_STRICT_PROTOTYPES = YES;
				CLANG_WARN_SUSPICIOUS_MOVE = YES;
				CLANG_WARN_UNGUARDED_AVAILABILITY = YES_AGGRESSIVE;
				CLANG_WARN_UNREACHABLE_CODE = YES;
				CLANG_WARN__DUPLICATE_METHOD_MATCH = YES;
				COPY_PHASE_STRIP = NO;
				DEBUG_INFORMATION_FORMAT = dwarf;
				ENABLE_STRICT_OBJC_MSGSEND = YES;
				ENABLE_TESTABILITY = YES;
				ENABLE_USER_SCRIPT_SANDBOXING = NO;
				GCC_C_LANGUAGE_STANDARD = gnu17;
				GCC_DYNAMIC_NO_PIC = NO;
				GCC_NO_COMMON_BLOCKS = YES;
				GCC_OPTIMIZATION_LEVEL = 0;
				GCC_PREPROCESSOR_DEFINITIONS = (
					"DEBUG=1",
					"$(inherited)",
				);
				GCC_WARN_64_TO_32_BIT_CONVERSION = YES;
				GCC_WARN_ABOUT_RETURN_TYPE = YES_ERROR;
				GCC_WARN_UNDECLARED_SELECTOR = YES;
				GCC_WARN_UNINITIALIZED_AUTOS = YES_AGGRESSIVE;
				GCC_WARN_UNUSED_FUNCTION = YES;
				GCC_WARN_UNUSED_VARIABLE = YES;
				IPHONEOS_DEPLOYMENT_TARGET = 13.0;
				LOCALIZATION_PREFERS_STRING_CATALOGS = YES;
				MTL_ENABLE_DEBUG_INFO = INCLUDE_SOURCE;
				MTL_FAST_MATH = YES;
				ONLY_ACTIVE_ARCH = YES;
				SDKROOT = iphoneos;
				SWIFT_ACTIVE_COMPILATION_CONDITIONS = "DEBUG $(inherited)";
				SWIFT_OPTIMIZATION_LEVEL = "-Onone";
			};
			name = Debug;
		};
		61D5737F2BB5698F00D98AAE /* Release */ = {
			isa = XCBuildConfiguration;
			buildSettings = {
				ALWAYS_SEARCH_USER_PATHS = NO;
				ASSETCATALOG_COMPILER_GENERATE_SWIFT_ASSET_SYMBOL_EXTENSIONS = YES;
				CLANG_ANALYZER_NONNULL = YES;
				CLANG_ANALYZER_NUMBER_OBJECT_CONVERSION = YES_AGGRESSIVE;
				CLANG_CXX_LANGUAGE_STANDARD = "gnu++20";
				CLANG_ENABLE_MODULES = YES;
				CLANG_ENABLE_OBJC_ARC = YES;
				CLANG_ENABLE_OBJC_WEAK = YES;
				CLANG_WARN_BLOCK_CAPTURE_AUTORELEASING = YES;
				CLANG_WARN_BOOL_CONVERSION = YES;
				CLANG_WARN_COMMA = YES;
				CLANG_WARN_CONSTANT_CONVERSION = YES;
				CLANG_WARN_DEPRECATED_OBJC_IMPLEMENTATIONS = YES;
				CLANG_WARN_DIRECT_OBJC_ISA_USAGE = YES_ERROR;
				CLANG_WARN_DOCUMENTATION_COMMENTS = YES;
				CLANG_WARN_EMPTY_BODY = YES;
				CLANG_WARN_ENUM_CONVERSION = YES;
				CLANG_WARN_INFINITE_RECURSION = YES;
				CLANG_WARN_INT_CONVERSION = YES;
				CLANG_WARN_NON_LITERAL_NULL_CONVERSION = YES;
				CLANG_WARN_OBJC_IMPLICIT_RETAIN_SELF = YES;
				CLANG_WARN_OBJC_LITERAL_CONVERSION = YES;
				CLANG_WARN_OBJC_ROOT_CLASS = YES_ERROR;
				CLANG_WARN_QUOTED_INCLUDE_IN_FRAMEWORK_HEADER = YES;
				CLANG_WARN_RANGE_LOOP_ANALYSIS = YES;
				CLANG_WARN_STRICT_PROTOTYPES = YES;
				CLANG_WARN_SUSPICIOUS_MOVE = YES;
				CLANG_WARN_UNGUARDED_AVAILABILITY = YES_AGGRESSIVE;
				CLANG_WARN_UNREACHABLE_CODE = YES;
				CLANG_WARN__DUPLICATE_METHOD_MATCH = YES;
				COPY_PHASE_STRIP = NO;
				DEBUG_INFORMATION_FORMAT = "dwarf-with-dsym";
				ENABLE_NS_ASSERTIONS = NO;
				ENABLE_STRICT_OBJC_MSGSEND = YES;
				ENABLE_USER_SCRIPT_SANDBOXING = NO;
				GCC_C_LANGUAGE_STANDARD = gnu17;
				GCC_NO_COMMON_BLOCKS = YES;
				GCC_WARN_64_TO_32_BIT_CONVERSION = YES;
				GCC_WARN_ABOUT_RETURN_TYPE = YES_ERROR;
				GCC_WARN_UNDECLARED_SELECTOR = YES;
				GCC_WARN_UNINITIALIZED_AUTOS = YES_AGGRESSIVE;
				GCC_WARN_UNUSED_FUNCTION = YES;
				GCC_WARN_UNUSED_VARIABLE = YES;
				IPHONEOS_DEPLOYMENT_TARGET = 13.0;
				LOCALIZATION_PREFERS_STRING_CATALOGS = YES;
				MTL_ENABLE_DEBUG_INFO = NO;
				MTL_FAST_MATH = YES;
				SDKROOT = iphoneos;
				SWIFT_COMPILATION_MODE = wholemodule;
				VALIDATE_PRODUCT = YES;
			};
			name = Release;
		};
		61D573812BB5698F00D98AAE /* Debug */ = {
			isa = XCBuildConfiguration;
			buildSettings = {
				ASSETCATALOG_COMPILER_APPICON_NAME = AppIcon;
				ASSETCATALOG_COMPILER_GLOBAL_ACCENT_COLOR_NAME = AccentColor;
				CODE_SIGN_STYLE = Automatic;
				CURRENT_PROJECT_VERSION = 1;
				DEVELOPMENT_TEAM = AC9SSJV4MN;
				GENERATE_INFOPLIST_FILE = YES;
				INFOPLIST_FILE = GalleryApp/Info.plist;
				INFOPLIST_KEY_UIApplicationSupportsIndirectInputEvents = YES;
				INFOPLIST_KEY_UILaunchStoryboardName = LaunchScreen;
				INFOPLIST_KEY_UISupportedInterfaceOrientations_iPad = "UIInterfaceOrientationPortrait UIInterfaceOrientationPortraitUpsideDown UIInterfaceOrientationLandscapeLeft UIInterfaceOrientationLandscapeRight";
				INFOPLIST_KEY_UISupportedInterfaceOrientations_iPhone = "UIInterfaceOrientationPortrait UIInterfaceOrientationLandscapeLeft UIInterfaceOrientationLandscapeRight";
				LD_RUNPATH_SEARCH_PATHS = (
					"$(inherited)",
					"@executable_path/Frameworks",
				);
				MARKETING_VERSION = 1.0;
				PRODUCT_BUNDLE_IDENTIFIER = com.mk.GalleryApp;
				PRODUCT_NAME = "$(TARGET_NAME)";
				SWIFT_EMIT_LOC_STRINGS = YES;
				SWIFT_VERSION = 5.0;
				TARGETED_DEVICE_FAMILY = "1,2";
			};
			name = Debug;
		};
		61D573822BB5698F00D98AAE /* Release */ = {
			isa = XCBuildConfiguration;
			buildSettings = {
				ASSETCATALOG_COMPILER_APPICON_NAME = AppIcon;
				ASSETCATALOG_COMPILER_GLOBAL_ACCENT_COLOR_NAME = AccentColor;
				CODE_SIGN_STYLE = Automatic;
				CURRENT_PROJECT_VERSION = 1;
				DEVELOPMENT_TEAM = AC9SSJV4MN;
				GENERATE_INFOPLIST_FILE = YES;
				INFOPLIST_FILE = GalleryApp/Info.plist;
				INFOPLIST_KEY_UIApplicationSupportsIndirectInputEvents = YES;
				INFOPLIST_KEY_UILaunchStoryboardName = LaunchScreen;
				INFOPLIST_KEY_UISupportedInterfaceOrientations_iPad = "UIInterfaceOrientationPortrait UIInterfaceOrientationPortraitUpsideDown UIInterfaceOrientationLandscapeLeft UIInterfaceOrientationLandscapeRight";
				INFOPLIST_KEY_UISupportedInterfaceOrientations_iPhone = "UIInterfaceOrientationPortrait UIInterfaceOrientationLandscapeLeft UIInterfaceOrientationLandscapeRight";
				LD_RUNPATH_SEARCH_PATHS = (
					"$(inherited)",
					"@executable_path/Frameworks",
				);
				MARKETING_VERSION = 1.0;
				PRODUCT_BUNDLE_IDENTIFIER = com.mk.GalleryApp;
				PRODUCT_NAME = "$(TARGET_NAME)";
				SWIFT_EMIT_LOC_STRINGS = YES;
				SWIFT_VERSION = 5.0;
				TARGETED_DEVICE_FAMILY = "1,2";
			};
			name = Release;
		};
/* End XCBuildConfiguration section */

/* Begin XCConfigurationList section */
		61D573672BB5698D00D98AAE /* Build configuration list for PBXProject "GalleryApp" */ = {
			isa = XCConfigurationList;
			buildConfigurations = (
				61D5737E2BB5698F00D98AAE /* Debug */,
				61D5737F2BB5698F00D98AAE /* Release */,
			);
			defaultConfigurationIsVisible = 0;
			defaultConfigurationName = Release;
		};
		61D573802BB5698F00D98AAE /* Build configuration list for PBXNativeTarget "GalleryApp" */ = {
			isa = XCConfigurationList;
			buildConfigurations = (
				61D573812BB5698F00D98AAE /* Debug */,
				61D573822BB5698F00D98AAE /* Release */,
			);
			defaultConfigurationIsVisible = 0;
			defaultConfigurationName = Release;
		};
/* End XCConfigurationList section */

/* Begin XCRemoteSwiftPackageReference section */
		61D573BC2BB5809800D98AAE /* XCRemoteSwiftPackageReference "Kingfisher" */ = {
			isa = XCRemoteSwiftPackageReference;
			repositoryURL = "https://github.com/onevcat/Kingfisher";
			requirement = {
				kind = upToNextMajorVersion;
				minimumVersion = 7.11.0;
			};
		};
		61D573BF2BB5862900D98AAE /* XCRemoteSwiftPackageReference "SnapKit" */ = {
			isa = XCRemoteSwiftPackageReference;
			repositoryURL = "https://github.com/SnapKit/SnapKit";
			requirement = {
				kind = upToNextMajorVersion;
				minimumVersion = 5.7.1;
			};
		};
		61D573CD2BB5AABA00D98AAE /* XCRemoteSwiftPackageReference "realm-swift" */ = {
			isa = XCRemoteSwiftPackageReference;
			repositoryURL = "https://github.com/realm/realm-swift";
			requirement = {
				branch = master;
				kind = branch;
			};
		};
/* End XCRemoteSwiftPackageReference section */

/* Begin XCSwiftPackageProductDependency section */
		61D573BD2BB5809800D98AAE /* Kingfisher */ = {
			isa = XCSwiftPackageProductDependency;
			package = 61D573BC2BB5809800D98AAE /* XCRemoteSwiftPackageReference "Kingfisher" */;
			productName = Kingfisher;
		};
		61D573C02BB5862900D98AAE /* SnapKit */ = {
			isa = XCSwiftPackageProductDependency;
			package = 61D573BF2BB5862900D98AAE /* XCRemoteSwiftPackageReference "SnapKit" */;
			productName = SnapKit;
		};
		61D573C22BB5862900D98AAE /* SnapKit-Dynamic */ = {
			isa = XCSwiftPackageProductDependency;
			package = 61D573BF2BB5862900D98AAE /* XCRemoteSwiftPackageReference "SnapKit" */;
			productName = "SnapKit-Dynamic";
		};
		61D573CE2BB5AABB00D98AAE /* Realm */ = {
			isa = XCSwiftPackageProductDependency;
			package = 61D573CD2BB5AABA00D98AAE /* XCRemoteSwiftPackageReference "realm-swift" */;
			productName = Realm;
		};
		61D573D02BB5AABB00D98AAE /* RealmSwift */ = {
			isa = XCSwiftPackageProductDependency;
			package = 61D573CD2BB5AABA00D98AAE /* XCRemoteSwiftPackageReference "realm-swift" */;
			productName = RealmSwift;
		};
/* End XCSwiftPackageProductDependency section */
	};
	rootObject = 61D573642BB5698D00D98AAE /* Project object */;
}
